
Microsoft Visual Studio Solution File, Format Version 12.00
# Visual Studio Version 17
VisualStudioVersion = 17.3.32901.215
MinimumVisualStudioVersion = 10.0.40219.1
Project("{FAE04EC0-301F-11D3-BF4B-00C04F79EFBC}") = "RAMUSAGE2", "RAMUSAGE2.csproj", "{3E15A310-30A4-48BC-A1A6-667F21A714C9}"
EndProject
Global
	GlobalSection(SolutionConfigurationPlatforms) = preSolution
		Debug|Any CPU = Debug|Any CPU
		Release|Any CPU = Release|Any CPU
	EndGlobalSection
	GlobalSection(ProjectConfigurationPlatforms) = postSolution
		{3E15A310-30A4-48BC-A1A6-667F21A714C9}.Debug|Any CPU.ActiveCfg = Debug|Any CPU
		{3E15A310-30A4-48BC-A1A6-667F21A714C9}.Debug|Any CPU.Build.0 = Debug|Any CPU
		{3E15A310-30A4-48BC-A1A6-667F21A714C9}.Release|Any CPU.ActiveCfg = Release|Any CPU
		{3E15A310-30A4-48BC-A1A6-667F21A714C9}.Release|Any CPU.Build.0 = Release|Any CPU
	EndGlobalSection
	GlobalSection(SolutionProperties) = preSolution
		HideSolutionNode = FALSE
	EndGlobalSection
	GlobalSection(ExtensibilityGlobals) = postSolution
		SolutionGuid = {16DFDCA1-7D7C-4423-8085-EAC283BE492A}
	EndGlobalSection
EndGlobal
